
Microsoft Visual Studio Solution File, Format Version 12.00
# Visual Studio Version 17
VisualStudioVersion = 17.10.35027.167
MinimumVisualStudioVersion = 10.0.40219.1
Project("{C9674DCB-5085-4A16-B785-4C70DD1589BD}") = "Adventure Works ETL", "Adventure Works ETL\Adventure Works ETL.dtproj", "{E4802A81-E716-4EC4-A623-20A72661070D}"
EndProject
Global
	GlobalSection(SolutionConfigurationPlatforms) = preSolution
		Development|Default = Development|Default
	EndGlobalSection
	GlobalSection(ProjectConfigurationPlatforms) = postSolution
		{E4802A81-E716-4EC4-A623-20A72661070D}.Development|Default.ActiveCfg = Development
		{E4802A81-E716-4EC4-A623-20A72661070D}.Development|Default.Build.0 = Development
	EndGlobalSection
	GlobalSection(SolutionProperties) = preSolution
		HideSolutionNode = FALSE
	EndGlobalSection
	GlobalSection(ExtensibilityGlobals) = postSolution
		SolutionGuid = {55D941AB-F9DC-4147-B77F-B83573F9AD5D}
	EndGlobalSection
EndGlobal
